
Microsoft Visual Studio Solution File, Format Version 12.00
# Visual Studio 15
VisualStudioVersion = 15.0.27703.2047
MinimumVisualStudioVersion = 10.0.40219.1
Project("{FAE04EC0-301F-11D3-BF4B-00C04F79EFBC}") = "DKR2", "DKR2\DKR2.csproj", "{B9B8A1E4-3DA4-4AE0-B13B-01F192046E47}"
EndProject
Global
	GlobalSection(SolutionConfigurationPlatforms) = preSolution
		Debug|Any CPU = Debug|Any CPU
		Release|Any CPU = Release|Any CPU
	EndGlobalSection
	GlobalSection(ProjectConfigurationPlatforms) = postSolution
		{B9B8A1E4-3DA4-4AE0-B13B-01F192046E47}.Debug|Any CPU.ActiveCfg = Debug|Any CPU
		{B9B8A1E4-3DA4-4AE0-B13B-01F192046E47}.Debug|Any CPU.Build.0 = Debug|Any CPU
		{B9B8A1E4-3DA4-4AE0-B13B-01F192046E47}.Release|Any CPU.ActiveCfg = Release|Any CPU
		{B9B8A1E4-3DA4-4AE0-B13B-01F192046E47}.Release|Any CPU.Build.0 = Release|Any CPU
	EndGlobalSection
	GlobalSection(SolutionProperties) = preSolution
		HideSolutionNode = FALSE
	EndGlobalSection
	GlobalSection(ExtensibilityGlobals) = postSolution
		SolutionGuid = {835EA822-DAA3-4ADA-B401-4063F92E9E03}
	EndGlobalSection
EndGlobal
